
Microsoft Visual Studio Solution File, Format Version 12.00
# Visual Studio 2013
VisualStudioVersion = 12.0.21005.1
MinimumVisualStudioVersion = 10.0.40219.1
Project("{FAE04EC0-301F-11D3-BF4B-00C04F79EFBC}") = "StalkBook", "StalkBook\StalkBook.csproj", "{076F7B49-BFFB-4964-A2FC-D80FC1D10CAC}"
EndProject
Project("{FAE04EC0-301F-11D3-BF4B-00C04F79EFBC}") = "StalkBook.Tests", "StalkBook.Tests\StalkBook.Tests.csproj", "{A744B718-BC31-463C-B1B7-DC7EF9C9C735}"
EndProject
Global
	GlobalSection(SolutionConfigurationPlatforms) = preSolution
		Debug|Any CPU = Debug|Any CPU
		Release|Any CPU = Release|Any CPU
	EndGlobalSection
	GlobalSection(ProjectConfigurationPlatforms) = postSolution
		{076F7B49-BFFB-4964-A2FC-D80FC1D10CAC}.Debug|Any CPU.ActiveCfg = Debug|Any CPU
		{076F7B49-BFFB-4964-A2FC-D80FC1D10CAC}.Debug|Any CPU.Build.0 = Debug|Any CPU
		{076F7B49-BFFB-4964-A2FC-D80FC1D10CAC}.Release|Any CPU.ActiveCfg = Release|Any CPU
		{076F7B49-BFFB-4964-A2FC-D80FC1D10CAC}.Release|Any CPU.Build.0 = Release|Any CPU
		{A744B718-BC31-463C-B1B7-DC7EF9C9C735}.Debug|Any CPU.ActiveCfg = Debug|Any CPU
		{A744B718-BC31-463C-B1B7-DC7EF9C9C735}.Debug|Any CPU.Build.0 = Debug|Any CPU
		{A744B718-BC31-463C-B1B7-DC7EF9C9C735}.Release|Any CPU.ActiveCfg = Release|Any CPU
		{A744B718-BC31-463C-B1B7-DC7EF9C9C735}.Release|Any CPU.Build.0 = Release|Any CPU
	EndGlobalSection
	GlobalSection(SolutionProperties) = preSolution
		HideSolutionNode = FALSE
	EndGlobalSection
EndGlobal
